[{<<"cowboy">>,
  {git,"https://github.com/ninenines/cowboy.git",
       {ref,"1a175e7b563110c4a47c41f2b9c78cdafbcaf063"}},
  0},
 {<<"cowlib">>,
  {git,"https://github.com/ninenines/cowlib",
       {ref,"cc04201c1d0e1d5603cd1cde037ab729b192634c"}},
  1},
 {<<"eqwalizer_support">>,
  {git_subdir,"https://github.com/whatsapp/eqwalizer.git",
              {ref,"22c719eef1658475ba11f135f0c43dd3cce43cd1"},
              "eqwalizer_support"},
  0},
 {<<"ranch">>,
  {git,"https://github.com/ninenines/ranch",
       {ref,"a692f44567034dacf5efcaa24a24183788594eb7"}},
  1}].
